
Microsoft Visual Studio Solution File, Format Version 12.00
# Visual Studio Version 17
VisualStudioVersion = 17.8.34316.72
MinimumVisualStudioVersion = 10.0.40219.1
Project("{FAE04EC0-301F-11D3-BF4B-00C04F79EFBC}") = "Course", "Course\Course.csproj", "{81316179-13BD-40B9-A0AD-9041326B4E32}"
EndProject
Global
	GlobalSection(SolutionConfigurationPlatforms) = preSolution
		Debug|Any CPU = Debug|Any CPU
		Release|Any CPU = Release|Any CPU
	EndGlobalSection
	GlobalSection(ProjectConfigurationPlatforms) = postSolution
		{81316179-13BD-40B9-A0AD-9041326B4E32}.Debug|Any CPU.ActiveCfg = Debug|Any CPU
		{81316179-13BD-40B9-A0AD-9041326B4E32}.Debug|Any CPU.Build.0 = Debug|Any CPU
		{81316179-13BD-40B9-A0AD-9041326B4E32}.Release|Any CPU.ActiveCfg = Release|Any CPU
		{81316179-13BD-40B9-A0AD-9041326B4E32}.Release|Any CPU.Build.0 = Release|Any CPU
	EndGlobalSection
	GlobalSection(SolutionProperties) = preSolution
		HideSolutionNode = FALSE
	EndGlobalSection
	GlobalSection(ExtensibilityGlobals) = postSolution
		SolutionGuid = {F41855E2-5B4D-43EF-9C9A-710606A9FAE9}
	EndGlobalSection
EndGlobal
